
Microsoft Visual Studio Solution File, Format Version 12.00
# Visual Studio 14
VisualStudioVersion = 14.0.25420.1
MinimumVisualStudioVersion = 10.0.40219.1
Project("{2150E333-8FDC-42A3-9474-1A3956D46DE8}") = "Common", "Common", "{A14FA369-7750-4231-B7A8-3349B6A16C3C}"
EndProject
Project("{2150E333-8FDC-42A3-9474-1A3956D46DE8}") = "Adapters", "Adapters", "{F73D7814-C146-4E58-81F7-8C6558A5AB35}"
EndProject
Project("{FAE04EC0-301F-11D3-BF4B-00C04F79EFBC}") = "Daw.Common.CoreData", "..\Source\Daw.Common.CoreData\Daw.Common.CoreData.csproj", "{AED3C058-617F-40E8-B11D-22B446D626E8}"
EndProject
Project("{2150E333-8FDC-42A3-9474-1A3956D46DE8}") = "Services", "Services", "{6FE3AB30-73AB-49FA-9B03-C936603B2292}"
EndProject
Project("{FAE04EC0-301F-11D3-BF4B-00C04F79EFBC}") = "Daw.Services.WindowsService", "..\Source\Daw.Services.WindowsService\Daw.Services.WindowsService.csproj", "{56DAFE3A-585E-476A-820F-05A46980B124}"
EndProject
Project("{2150E333-8FDC-42A3-9474-1A3956D46DE8}") = ".nuget", ".nuget", "{125870C7-2277-47D4-862D-38B7E7C2D263}"
	ProjectSection(SolutionItems) = preProject
		.nuget\packages.config = .nuget\packages.config
	EndProjectSection
EndProject
Project("{2150E333-8FDC-42A3-9474-1A3956D46DE8}") = "Console", "Console", "{069E8A6E-C571-4386-BFE7-58BDB088B216}"
EndProject
Project("{2150E333-8FDC-42A3-9474-1A3956D46DE8}") = "Tests", "Tests", "{8BECEE1F-AA8E-4116-B54D-C75FB0131C0E}"
EndProject
Project("{2150E333-8FDC-42A3-9474-1A3956D46DE8}") = "Clients", "Clients", "{84AFF560-7BCE-42FC-982C-2113E3A5569A}"
EndProject
Project("{FAE04EC0-301F-11D3-BF4B-00C04F79EFBC}") = "Daw.Client.WebServices", "..\Source\Daw.Client.FeedProxyClient\Daw.Client.WebServices.csproj", "{4ACA934B-B182-4FC4-BB25-B14DA52EA262}"
EndProject
Project("{FAE04EC0-301F-11D3-BF4B-00C04F79EFBC}") = "Daw.Clients.Admin", "..\Source\Daw.Clients.Admin\Daw.Clients.Admin.csproj", "{DC8C3C4F-0F49-4A1B-A372-C044E6AB347E}"
EndProject
Project("{2150E333-8FDC-42A3-9474-1A3956D46DE8}") = "Queues", "Queues", "{457151BE-1418-4CB2-A1B9-AD50E734D1EB}"
EndProject
Project("{FAE04EC0-301F-11D3-BF4B-00C04F79EFBC}") = "IncomingFeedQueue", "..\Source\IncomingFeedQueue\IncomingFeedQueue.csproj", "{269C43E8-BEC8-4429-99AB-7AEB522A2CBC}"
EndProject
Project("{FAE04EC0-301F-11D3-BF4B-00C04F79EFBC}") = "IncomingFeedQueueTests", "IncomingFeedQueueTests\IncomingFeedQueueTests.csproj", "{604E8617-BE73-4215-A2A7-4A6C0695B069}"
EndProject
Project("{2150E333-8FDC-42A3-9474-1A3956D46DE8}") = "Xslt", "Xslt", "{22176C75-9C5A-4C69-8E91-53E1251628D4}"
EndProject
Project("{FAE04EC0-301F-11D3-BF4B-00C04F79EFBC}") = "Daw.Common.Configuration", "..\Source\Daw.Services.Configuration\Daw.Common.Configuration.csproj", "{0AA6AD0E-4DCE-44AD-AA77-E680008E3825}"
EndProject
Project("{FAE04EC0-301F-11D3-BF4B-00C04F79EFBC}") = "Daw.Service.WebService", "..\Source\Daw.Service.WebService\Daw.Service.WebService.csproj", "{30C86592-8B67-4835-AE18-4609256DB65F}"
EndProject
Project("{FAE04EC0-301F-11D3-BF4B-00C04F79EFBC}") = "XsltTransformer", "..\Source\XsltTransformer\XsltTransformer.csproj", "{732EBAE9-E841-4A24-93EE-7C8DBE66E16D}"
EndProject
Global
	GlobalSection(SolutionConfigurationPlatforms) = preSolution
		Debug|Any CPU = Debug|Any CPU
		Debug|ARM = Debug|ARM
		Debug|x64 = Debug|x64
		Debug|x86 = Debug|x86
		Release|Any CPU = Release|Any CPU
		Release|ARM = Release|ARM
		Release|x64 = Release|x64
		Release|x86 = Release|x86
	EndGlobalSection
	GlobalSection(ProjectConfigurationPlatforms) = postSolution
		{AED3C058-617F-40E8-B11D-22B446D626E8}.Debug|Any CPU.ActiveCfg = Debug|Any CPU
		{AED3C058-617F-40E8-B11D-22B446D626E8}.Debug|Any CPU.Build.0 = Debug|Any CPU
		{AED3C058-617F-40E8-B11D-22B446D626E8}.Debug|ARM.ActiveCfg = Debug|Any CPU
		{AED3C058-617F-40E8-B11D-22B446D626E8}.Debug|x64.ActiveCfg = Debug|Any CPU
		{AED3C058-617F-40E8-B11D-22B446D626E8}.Debug|x86.ActiveCfg = Debug|Any CPU
		{AED3C058-617F-40E8-B11D-22B446D626E8}.Release|Any CPU.ActiveCfg = Release|Any CPU
		{AED3C058-617F-40E8-B11D-22B446D626E8}.Release|Any CPU.Build.0 = Release|Any CPU
		{AED3C058-617F-40E8-B11D-22B446D626E8}.Release|ARM.ActiveCfg = Release|Any CPU
		{AED3C058-617F-40E8-B11D-22B446D626E8}.Release|x64.ActiveCfg = Release|Any CPU
		{AED3C058-617F-40E8-B11D-22B446D626E8}.Release|x86.ActiveCfg = Release|Any CPU
		{56DAFE3A-585E-476A-820F-05A46980B124}.Debug|Any CPU.ActiveCfg = Debug|Any CPU
		{56DAFE3A-585E-476A-820F-05A46980B124}.Debug|Any CPU.Build.0 = Debug|Any CPU
		{56DAFE3A-585E-476A-820F-05A46980B124}.Debug|ARM.ActiveCfg = Debug|Any CPU
		{56DAFE3A-585E-476A-820F-05A46980B124}.Debug|x64.ActiveCfg = Debug|Any CPU
		{56DAFE3A-585E-476A-820F-05A46980B124}.Debug|x86.ActiveCfg = Debug|Any CPU
		{56DAFE3A-585E-476A-820F-05A46980B124}.Release|Any CPU.ActiveCfg = Release|Any CPU
		{56DAFE3A-585E-476A-820F-05A46980B124}.Release|Any CPU.Build.0 = Release|Any CPU
		{56DAFE3A-585E-476A-820F-05A46980B124}.Release|ARM.ActiveCfg = Release|Any CPU
		{56DAFE3A-585E-476A-820F-05A46980B124}.Release|x64.ActiveCfg = Release|Any CPU
		{56DAFE3A-585E-476A-820F-05A46980B124}.Release|x86.ActiveCfg = Release|Any CPU
		{4ACA934B-B182-4FC4-BB25-B14DA52EA262}.Debug|Any CPU.ActiveCfg = Debug|Any CPU
		{4ACA934B-B182-4FC4-BB25-B14DA52EA262}.Debug|Any CPU.Build.0 = Debug|Any CPU
		{4ACA934B-B182-4FC4-BB25-B14DA52EA262}.Debug|ARM.ActiveCfg = Debug|Any CPU
		{4ACA934B-B182-4FC4-BB25-B14DA52EA262}.Debug|x64.ActiveCfg = Debug|Any CPU
		{4ACA934B-B182-4FC4-BB25-B14DA52EA262}.Debug|x86.ActiveCfg = Debug|Any CPU
		{4ACA934B-B182-4FC4-BB25-B14DA52EA262}.Release|Any CPU.ActiveCfg = Release|Any CPU
		{4ACA934B-B182-4FC4-BB25-B14DA52EA262}.Release|Any CPU.Build.0 = Release|Any CPU
		{4ACA934B-B182-4FC4-BB25-B14DA52EA262}.Release|ARM.ActiveCfg = Release|Any CPU
		{4ACA934B-B182-4FC4-BB25-B14DA52EA262}.Release|x64.ActiveCfg = Release|Any CPU
		{4ACA934B-B182-4FC4-BB25-B14DA52EA262}.Release|x86.ActiveCfg = Release|Any CPU
		{DC8C3C4F-0F49-4A1B-A372-C044E6AB347E}.Debug|Any CPU.ActiveCfg = Debug|Any CPU
		{DC8C3C4F-0F49-4A1B-A372-C044E6AB347E}.Debug|Any CPU.Build.0 = Debug|Any CPU
		{DC8C3C4F-0F49-4A1B-A372-C044E6AB347E}.Debug|ARM.ActiveCfg = Debug|Any CPU
		{DC8C3C4F-0F49-4A1B-A372-C044E6AB347E}.Debug|x64.ActiveCfg = Debug|Any CPU
		{DC8C3C4F-0F49-4A1B-A372-C044E6AB347E}.Debug|x86.ActiveCfg = Debug|Any CPU
		{DC8C3C4F-0F49-4A1B-A372-C044E6AB347E}.Release|Any CPU.ActiveCfg = Release|Any CPU
		{DC8C3C4F-0F49-4A1B-A372-C044E6AB347E}.Release|Any CPU.Build.0 = Release|Any CPU
		{DC8C3C4F-0F49-4A1B-A372-C044E6AB347E}.Release|ARM.ActiveCfg = Release|Any CPU
		{DC8C3C4F-0F49-4A1B-A372-C044E6AB347E}.Release|x64.ActiveCfg = Release|Any CPU
		{DC8C3C4F-0F49-4A1B-A372-C044E6AB347E}.Release|x86.ActiveCfg = Release|Any CPU
		{269C43E8-BEC8-4429-99AB-7AEB522A2CBC}.Debug|Any CPU.ActiveCfg = Debug|Any CPU
		{269C43E8-BEC8-4429-99AB-7AEB522A2CBC}.Debug|Any CPU.Build.0 = Debug|Any CPU
		{269C43E8-BEC8-4429-99AB-7AEB522A2CBC}.Debug|ARM.ActiveCfg = Debug|Any CPU
		{269C43E8-BEC8-4429-99AB-7AEB522A2CBC}.Debug|x64.ActiveCfg = Debug|Any CPU
		{269C43E8-BEC8-4429-99AB-7AEB522A2CBC}.Debug|x86.ActiveCfg = Debug|Any CPU
		{269C43E8-BEC8-4429-99AB-7AEB522A2CBC}.Release|Any CPU.ActiveCfg = Release|Any CPU
		{269C43E8-BEC8-4429-99AB-7AEB522A2CBC}.Release|Any CPU.Build.0 = Release|Any CPU
		{269C43E8-BEC8-4429-99AB-7AEB522A2CBC}.Release|ARM.ActiveCfg = Release|Any CPU
		{269C43E8-BEC8-4429-99AB-7AEB522A2CBC}.Release|x64.ActiveCfg = Release|Any CPU
		{269C43E8-BEC8-4429-99AB-7AEB522A2CBC}.Release|x86.ActiveCfg = Release|Any CPU
		{604E8617-BE73-4215-A2A7-4A6C0695B069}.Debug|Any CPU.ActiveCfg = Debug|Any CPU
		{604E8617-BE73-4215-A2A7-4A6C0695B069}.Debug|Any CPU.Build.0 = Debug|Any CPU
		{604E8617-BE73-4215-A2A7-4A6C0695B069}.Debug|ARM.ActiveCfg = Debug|Any CPU
		{604E8617-BE73-4215-A2A7-4A6C0695B069}.Debug|x64.ActiveCfg = Debug|Any CPU
		{604E8617-BE73-4215-A2A7-4A6C0695B069}.Debug|x86.ActiveCfg = Debug|Any CPU
		{604E8617-BE73-4215-A2A7-4A6C0695B069}.Release|Any CPU.ActiveCfg = Release|Any CPU
		{604E8617-BE73-4215-A2A7-4A6C0695B069}.Release|Any CPU.Build.0 = Release|Any CPU
		{604E8617-BE73-4215-A2A7-4A6C0695B069}.Release|ARM.ActiveCfg = Release|Any CPU
		{604E8617-BE73-4215-A2A7-4A6C0695B069}.Release|x64.ActiveCfg = Release|Any CPU
		{604E8617-BE73-4215-A2A7-4A6C0695B069}.Release|x86.ActiveCfg = Release|Any CPU
		{0AA6AD0E-4DCE-44AD-AA77-E680008E3825}.Debug|Any CPU.ActiveCfg = Debug|Any CPU
		{0AA6AD0E-4DCE-44AD-AA77-E680008E3825}.Debug|Any CPU.Build.0 = Debug|Any CPU
		{0AA6AD0E-4DCE-44AD-AA77-E680008E3825}.Debug|ARM.ActiveCfg = Debug|Any CPU
		{0AA6AD0E-4DCE-44AD-AA77-E680008E3825}.Debug|ARM.Build.0 = Debug|Any CPU
		{0AA6AD0E-4DCE-44AD-AA77-E680008E3825}.Debug|x64.ActiveCfg = Debug|Any CPU
		{0AA6AD0E-4DCE-44AD-AA77-E680008E3825}.Debug|x64.Build.0 = Debug|Any CPU
		{0AA6AD0E-4DCE-44AD-AA77-E680008E3825}.Debug|x86.ActiveCfg = Debug|Any CPU
		{0AA6AD0E-4DCE-44AD-AA77-E680008E3825}.Debug|x86.Build.0 = Debug|Any CPU
		{0AA6AD0E-4DCE-44AD-AA77-E680008E3825}.Release|Any CPU.ActiveCfg = Release|Any CPU
		{0AA6AD0E-4DCE-44AD-AA77-E680008E3825}.Release|Any CPU.Build.0 = Release|Any CPU
		{0AA6AD0E-4DCE-44AD-AA77-E680008E3825}.Release|ARM.ActiveCfg = Release|Any CPU
		{0AA6AD0E-4DCE-44AD-AA77-E680008E3825}.Release|ARM.Build.0 = Release|Any CPU
		{0AA6AD0E-4DCE-44AD-AA77-E680008E3825}.Release|x64.ActiveCfg = Release|Any CPU
		{0AA6AD0E-4DCE-44AD-AA77-E680008E3825}.Release|x64.Build.0 = Release|Any CPU
		{0AA6AD0E-4DCE-44AD-AA77-E680008E3825}.Release|x86.ActiveCfg = Release|Any CPU
		{0AA6AD0E-4DCE-44AD-AA77-E680008E3825}.Release|x86.Build.0 = Release|Any CPU
		{30C86592-8B67-4835-AE18-4609256DB65F}.Debug|Any CPU.ActiveCfg = Debug|Any CPU
		{30C86592-8B67-4835-AE18-4609256DB65F}.Debug|Any CPU.Build.0 = Debug|Any CPU
		{30C86592-8B67-4835-AE18-4609256DB65F}.Debug|ARM.ActiveCfg = Debug|Any CPU
		{30C86592-8B67-4835-AE18-4609256DB65F}.Debug|ARM.Build.0 = Debug|Any CPU
		{30C86592-8B67-4835-AE18-4609256DB65F}.Debug|x64.ActiveCfg = Debug|Any CPU
		{30C86592-8B67-4835-AE18-4609256DB65F}.Debug|x64.Build.0 = Debug|Any CPU
		{30C86592-8B67-4835-AE18-4609256DB65F}.Debug|x86.ActiveCfg = Debug|Any CPU
		{30C86592-8B67-4835-AE18-4609256DB65F}.Debug|x86.Build.0 = Debug|Any CPU
		{30C86592-8B67-4835-AE18-4609256DB65F}.Release|Any CPU.ActiveCfg = Release|Any CPU
		{30C86592-8B67-4835-AE18-4609256DB65F}.Release|Any CPU.Build.0 = Release|Any CPU
		{30C86592-8B67-4835-AE18-4609256DB65F}.Release|ARM.ActiveCfg = Release|Any CPU
		{30C86592-8B67-4835-AE18-4609256DB65F}.Release|ARM.Build.0 = Release|Any CPU
		{30C86592-8B67-4835-AE18-4609256DB65F}.Release|x64.ActiveCfg = Release|Any CPU
		{30C86592-8B67-4835-AE18-4609256DB65F}.Release|x64.Build.0 = Release|Any CPU
		{30C86592-8B67-4835-AE18-4609256DB65F}.Release|x86.ActiveCfg = Release|Any CPU
		{30C86592-8B67-4835-AE18-4609256DB65F}.Release|x86.Build.0 = Release|Any CPU
		{732EBAE9-E841-4A24-93EE-7C8DBE66E16D}.Debug|Any CPU.ActiveCfg = Debug|Any CPU
		{732EBAE9-E841-4A24-93EE-7C8DBE66E16D}.Debug|Any CPU.Build.0 = Debug|Any CPU
		{732EBAE9-E841-4A24-93EE-7C8DBE66E16D}.Debug|ARM.ActiveCfg = Debug|Any CPU
		{732EBAE9-E841-4A24-93EE-7C8DBE66E16D}.Debug|ARM.Build.0 = Debug|Any CPU
		{732EBAE9-E841-4A24-93EE-7C8DBE66E16D}.Debug|x64.ActiveCfg = Debug|Any CPU
		{732EBAE9-E841-4A24-93EE-7C8DBE66E16D}.Debug|x64.Build.0 = Debug|Any CPU
		{732EBAE9-E841-4A24-93EE-7C8DBE66E16D}.Debug|x86.ActiveCfg = Debug|Any CPU
		{732EBAE9-E841-4A24-93EE-7C8DBE66E16D}.Debug|x86.Build.0 = Debug|Any CPU
		{732EBAE9-E841-4A24-93EE-7C8DBE66E16D}.Release|Any CPU.ActiveCfg = Release|Any CPU
		{732EBAE9-E841-4A24-93EE-7C8DBE66E16D}.Release|Any CPU.Build.0 = Release|Any CPU
		{732EBAE9-E841-4A24-93EE-7C8DBE66E16D}.Release|ARM.ActiveCfg = Release|Any CPU
		{732EBAE9-E841-4A24-93EE-7C8DBE66E16D}.Release|ARM.Build.0 = Release|Any CPU
		{732EBAE9-E841-4A24-93EE-7C8DBE66E16D}.Release|x64.ActiveCfg = Release|Any CPU
		{732EBAE9-E841-4A24-93EE-7C8DBE66E16D}.Release|x64.Build.0 = Release|Any CPU
		{732EBAE9-E841-4A24-93EE-7C8DBE66E16D}.Release|x86.ActiveCfg = Release|Any CPU
		{732EBAE9-E841-4A24-93EE-7C8DBE66E16D}.Release|x86.Build.0 = Release|Any CPU
	EndGlobalSection
	GlobalSection(SolutionProperties) = preSolution
		HideSolutionNode = FALSE
	EndGlobalSection
	GlobalSection(NestedProjects) = preSolution
		{AED3C058-617F-40E8-B11D-22B446D626E8} = {A14FA369-7750-4231-B7A8-3349B6A16C3C}
		{56DAFE3A-585E-476A-820F-05A46980B124} = {6FE3AB30-73AB-49FA-9B03-C936603B2292}
		{8BECEE1F-AA8E-4116-B54D-C75FB0131C0E} = {A14FA369-7750-4231-B7A8-3349B6A16C3C}
		{4ACA934B-B182-4FC4-BB25-B14DA52EA262} = {84AFF560-7BCE-42FC-982C-2113E3A5569A}
		{DC8C3C4F-0F49-4A1B-A372-C044E6AB347E} = {84AFF560-7BCE-42FC-982C-2113E3A5569A}
		{269C43E8-BEC8-4429-99AB-7AEB522A2CBC} = {457151BE-1418-4CB2-A1B9-AD50E734D1EB}
		{604E8617-BE73-4215-A2A7-4A6C0695B069} = {457151BE-1418-4CB2-A1B9-AD50E734D1EB}
		{0AA6AD0E-4DCE-44AD-AA77-E680008E3825} = {A14FA369-7750-4231-B7A8-3349B6A16C3C}
		{30C86592-8B67-4835-AE18-4609256DB65F} = {6FE3AB30-73AB-49FA-9B03-C936603B2292}
		{732EBAE9-E841-4A24-93EE-7C8DBE66E16D} = {22176C75-9C5A-4C69-8E91-53E1251628D4}
	EndGlobalSection
EndGlobal
