
Microsoft Visual Studio Solution File, Format Version 12.00
# Visual Studio 2013
VisualStudioVersion = 12.0.40629.0
MinimumVisualStudioVersion = 10.0.40219.1
Project("{FAE04EC0-301F-11D3-BF4B-00C04F79EFBC}") = "Daw.Common.Entities", "..\Source\Daw.Common.Entities\Daw.Common.Entities\Daw.Common.Entities.csproj", "{34FC6DB4-A4CC-4739-974D-8A722E664957}"
EndProject
Project("{FAE04EC0-301F-11D3-BF4B-00C04F79EFBC}") = "DAW.Common.DataFormats", "..\Source\DAW.Common.DataFormats\DAW.Common.DataFormats.csproj", "{4E59AD3A-8E36-4290-8504-69FE47FDB37A}"
EndProject
Project("{2150E333-8FDC-42A3-9474-1A3956D46DE8}") = "Common", "Common", "{A14FA369-7750-4231-B7A8-3349B6A16C3C}"
EndProject
Project("{FAE04EC0-301F-11D3-BF4B-00C04F79EFBC}") = "Daw.Common.Redis", "..\Source\Daw.Common.Redis\Daw.Common.Redis.csproj", "{40C7EBBC-28FB-452E-A36F-E065740726B6}"
EndProject
Project("{2150E333-8FDC-42A3-9474-1A3956D46DE8}") = "Adapters", "Adapters", "{F73D7814-C146-4E58-81F7-8C6558A5AB35}"
EndProject
Project("{FAE04EC0-301F-11D3-BF4B-00C04F79EFBC}") = "DAW.Adapters.AffiliateFeeds", "..\Source\DAW.Adapters.AffiliateFeeds\DAW.Adapters.AffiliateFeeds.csproj", "{EB273B04-0D52-42C5-9CB1-56A5F56BF0EA}"
EndProject
Project("{FAE04EC0-301F-11D3-BF4B-00C04F79EFBC}") = "Daw.Adapters.AffiliateFeeds.Test", "..\Source\Daw.Adapters.AffiliateFeeds.Test\Daw.Adapters.AffiliateFeeds.Test.csproj", "{91454E21-E1A3-42C9-AE50-D2FC79B24D9A}"
EndProject
Project("{FAE04EC0-301F-11D3-BF4B-00C04F79EFBC}") = "Daw.Common.Xsl", "..\Source\Daw.Common.Xsl\Daw.Common.Xsl.csproj", "{40A19523-7D36-44FE-B746-D8FCF028165A}"
EndProject
Project("{FAE04EC0-301F-11D3-BF4B-00C04F79EFBC}") = "Daw.Common.CoreData", "..\Source\Daw.Common.CoreData\Daw.Common.CoreData.csproj", "{AED3C058-617F-40E8-B11D-22B446D626E8}"
EndProject
Project("{2150E333-8FDC-42A3-9474-1A3956D46DE8}") = "Services", "Services", "{6FE3AB30-73AB-49FA-9B03-C936603B2292}"
EndProject
Project("{FAE04EC0-301F-11D3-BF4B-00C04F79EFBC}") = "Daw.Services.WindowsService", "..\Source\Daw.Services.WindowsService\Daw.Services.WindowsService.csproj", "{56DAFE3A-585E-476A-820F-05A46980B124}"
EndProject
Project("{FAE04EC0-301F-11D3-BF4B-00C04F79EFBC}") = "DAW.Merger.Test", "..\Source\DAW.Merger.Test\DAW.Merger.Test.csproj", "{C8C41347-8948-43E2-929F-602ADC642B83}"
EndProject
Project("{2150E333-8FDC-42A3-9474-1A3956D46DE8}") = ".nuget", ".nuget", "{125870C7-2277-47D4-862D-38B7E7C2D263}"
	ProjectSection(SolutionItems) = preProject
		.nuget\packages.config = .nuget\packages.config
	EndProjectSection
EndProject
Project("{FAE04EC0-301F-11D3-BF4B-00C04F79EFBC}") = "Daw.Common.ShareLibrary", "..\Source\Daw.Common.ShareLibrary\Daw.Common.ShareLibrary.csproj", "{A6183E4A-44F1-4117-BF42-B33845478F96}"
EndProject
Project("{2150E333-8FDC-42A3-9474-1A3956D46DE8}") = "Console", "Console", "{069E8A6E-C571-4386-BFE7-58BDB088B216}"
EndProject
Project("{FAE04EC0-301F-11D3-BF4B-00C04F79EFBC}") = "Daw.Console.TestFuzzyCompare", "..\Source\Daw.Console.TestFuzzyCompare\Daw.Console.TestFuzzyCompare.csproj", "{8F19D5CF-B5F7-46D4-B84B-4A8B2795232A}"
EndProject
Project("{FAE04EC0-301F-11D3-BF4B-00C04F79EFBC}") = "Daw.Common.Mapper", "..\Source\Daw.Common.Mapper\Daw.Common.Mapper.csproj", "{B7E0B2E4-B553-4B8F-B210-83D9A7E3E9D3}"
EndProject
Project("{2150E333-8FDC-42A3-9474-1A3956D46DE8}") = "Tests", "Tests", "{8BECEE1F-AA8E-4116-B54D-C75FB0131C0E}"
EndProject
Project("{FAE04EC0-301F-11D3-BF4B-00C04F79EFBC}") = "Daw.Common.Mapper.Tests", "..\Source\Daw.Common.Mapper.Tests\Daw.Common.Mapper.Tests.csproj", "{4DA0B9A1-131C-48E2-A6E0-82A36F6E13FD}"
EndProject
Project("{2150E333-8FDC-42A3-9474-1A3956D46DE8}") = "Clients", "Clients", "{84AFF560-7BCE-42FC-982C-2113E3A5569A}"
EndProject
Project("{FAE04EC0-301F-11D3-BF4B-00C04F79EFBC}") = "Daw.Client.WebServices", "..\Source\Daw.Client.FeedProxyClient\Daw.Client.WebServices.csproj", "{4ACA934B-B182-4FC4-BB25-B14DA52EA262}"
EndProject
Project("{FAE04EC0-301F-11D3-BF4B-00C04F79EFBC}") = "Daw.Clients.Admin", "..\Source\Daw.Clients.Admin\Daw.Clients.Admin.csproj", "{DC8C3C4F-0F49-4A1B-A372-C044E6AB347E}"
EndProject
Project("{2150E333-8FDC-42A3-9474-1A3956D46DE8}") = "Queues", "Queues", "{457151BE-1418-4CB2-A1B9-AD50E734D1EB}"
EndProject
Project("{FAE04EC0-301F-11D3-BF4B-00C04F79EFBC}") = "IncomingFeedQueue", "..\Source\IncomingFeedQueue\IncomingFeedQueue.csproj", "{269C43E8-BEC8-4429-99AB-7AEB522A2CBC}"
EndProject
Project("{FAE04EC0-301F-11D3-BF4B-00C04F79EFBC}") = "IncomingFeedQueueTests", "IncomingFeedQueueTests\IncomingFeedQueueTests.csproj", "{604E8617-BE73-4215-A2A7-4A6C0695B069}"
EndProject
Global
	GlobalSection(SolutionConfigurationPlatforms) = preSolution
		Debug|Any CPU = Debug|Any CPU
		Debug|ARM = Debug|ARM
		Debug|x64 = Debug|x64
		Debug|x86 = Debug|x86
		Release|Any CPU = Release|Any CPU
		Release|ARM = Release|ARM
		Release|x64 = Release|x64
		Release|x86 = Release|x86
	EndGlobalSection
	GlobalSection(ProjectConfigurationPlatforms) = postSolution
		{34FC6DB4-A4CC-4739-974D-8A722E664957}.Debug|Any CPU.ActiveCfg = Debug|Any CPU
		{34FC6DB4-A4CC-4739-974D-8A722E664957}.Debug|Any CPU.Build.0 = Debug|Any CPU
		{34FC6DB4-A4CC-4739-974D-8A722E664957}.Debug|ARM.ActiveCfg = Debug|Any CPU
		{34FC6DB4-A4CC-4739-974D-8A722E664957}.Debug|x64.ActiveCfg = Debug|Any CPU
		{34FC6DB4-A4CC-4739-974D-8A722E664957}.Debug|x86.ActiveCfg = Debug|Any CPU
		{34FC6DB4-A4CC-4739-974D-8A722E664957}.Release|Any CPU.ActiveCfg = Release|Any CPU
		{34FC6DB4-A4CC-4739-974D-8A722E664957}.Release|Any CPU.Build.0 = Release|Any CPU
		{34FC6DB4-A4CC-4739-974D-8A722E664957}.Release|ARM.ActiveCfg = Release|Any CPU
		{34FC6DB4-A4CC-4739-974D-8A722E664957}.Release|x64.ActiveCfg = Release|Any CPU
		{34FC6DB4-A4CC-4739-974D-8A722E664957}.Release|x86.ActiveCfg = Release|Any CPU
		{4E59AD3A-8E36-4290-8504-69FE47FDB37A}.Debug|Any CPU.ActiveCfg = Debug|Any CPU
		{4E59AD3A-8E36-4290-8504-69FE47FDB37A}.Debug|Any CPU.Build.0 = Debug|Any CPU
		{4E59AD3A-8E36-4290-8504-69FE47FDB37A}.Debug|ARM.ActiveCfg = Debug|Any CPU
		{4E59AD3A-8E36-4290-8504-69FE47FDB37A}.Debug|x64.ActiveCfg = Debug|Any CPU
		{4E59AD3A-8E36-4290-8504-69FE47FDB37A}.Debug|x86.ActiveCfg = Debug|Any CPU
		{4E59AD3A-8E36-4290-8504-69FE47FDB37A}.Release|Any CPU.ActiveCfg = Release|Any CPU
		{4E59AD3A-8E36-4290-8504-69FE47FDB37A}.Release|Any CPU.Build.0 = Release|Any CPU
		{4E59AD3A-8E36-4290-8504-69FE47FDB37A}.Release|ARM.ActiveCfg = Release|Any CPU
		{4E59AD3A-8E36-4290-8504-69FE47FDB37A}.Release|x64.ActiveCfg = Release|Any CPU
		{4E59AD3A-8E36-4290-8504-69FE47FDB37A}.Release|x86.ActiveCfg = Release|Any CPU
		{40C7EBBC-28FB-452E-A36F-E065740726B6}.Debug|Any CPU.ActiveCfg = Debug|Any CPU
		{40C7EBBC-28FB-452E-A36F-E065740726B6}.Debug|Any CPU.Build.0 = Debug|Any CPU
		{40C7EBBC-28FB-452E-A36F-E065740726B6}.Debug|ARM.ActiveCfg = Debug|Any CPU
		{40C7EBBC-28FB-452E-A36F-E065740726B6}.Debug|x64.ActiveCfg = Debug|Any CPU
		{40C7EBBC-28FB-452E-A36F-E065740726B6}.Debug|x86.ActiveCfg = Debug|Any CPU
		{40C7EBBC-28FB-452E-A36F-E065740726B6}.Release|Any CPU.ActiveCfg = Release|Any CPU
		{40C7EBBC-28FB-452E-A36F-E065740726B6}.Release|Any CPU.Build.0 = Release|Any CPU
		{40C7EBBC-28FB-452E-A36F-E065740726B6}.Release|ARM.ActiveCfg = Release|Any CPU
		{40C7EBBC-28FB-452E-A36F-E065740726B6}.Release|x64.ActiveCfg = Release|Any CPU
		{40C7EBBC-28FB-452E-A36F-E065740726B6}.Release|x86.ActiveCfg = Release|Any CPU
		{EB273B04-0D52-42C5-9CB1-56A5F56BF0EA}.Debug|Any CPU.ActiveCfg = Debug|Any CPU
		{EB273B04-0D52-42C5-9CB1-56A5F56BF0EA}.Debug|Any CPU.Build.0 = Debug|Any CPU
		{EB273B04-0D52-42C5-9CB1-56A5F56BF0EA}.Debug|ARM.ActiveCfg = Debug|Any CPU
		{EB273B04-0D52-42C5-9CB1-56A5F56BF0EA}.Debug|x64.ActiveCfg = Debug|Any CPU
		{EB273B04-0D52-42C5-9CB1-56A5F56BF0EA}.Debug|x86.ActiveCfg = Debug|Any CPU
		{EB273B04-0D52-42C5-9CB1-56A5F56BF0EA}.Release|Any CPU.ActiveCfg = Release|Any CPU
		{EB273B04-0D52-42C5-9CB1-56A5F56BF0EA}.Release|Any CPU.Build.0 = Release|Any CPU
		{EB273B04-0D52-42C5-9CB1-56A5F56BF0EA}.Release|ARM.ActiveCfg = Release|Any CPU
		{EB273B04-0D52-42C5-9CB1-56A5F56BF0EA}.Release|x64.ActiveCfg = Release|Any CPU
		{EB273B04-0D52-42C5-9CB1-56A5F56BF0EA}.Release|x86.ActiveCfg = Release|Any CPU
		{91454E21-E1A3-42C9-AE50-D2FC79B24D9A}.Debug|Any CPU.ActiveCfg = Debug|Any CPU
		{91454E21-E1A3-42C9-AE50-D2FC79B24D9A}.Debug|Any CPU.Build.0 = Debug|Any CPU
		{91454E21-E1A3-42C9-AE50-D2FC79B24D9A}.Debug|ARM.ActiveCfg = Debug|Any CPU
		{91454E21-E1A3-42C9-AE50-D2FC79B24D9A}.Debug|x64.ActiveCfg = Debug|Any CPU
		{91454E21-E1A3-42C9-AE50-D2FC79B24D9A}.Debug|x86.ActiveCfg = Debug|Any CPU
		{91454E21-E1A3-42C9-AE50-D2FC79B24D9A}.Release|Any CPU.ActiveCfg = Release|Any CPU
		{91454E21-E1A3-42C9-AE50-D2FC79B24D9A}.Release|Any CPU.Build.0 = Release|Any CPU
		{91454E21-E1A3-42C9-AE50-D2FC79B24D9A}.Release|ARM.ActiveCfg = Release|Any CPU
		{91454E21-E1A3-42C9-AE50-D2FC79B24D9A}.Release|x64.ActiveCfg = Release|Any CPU
		{91454E21-E1A3-42C9-AE50-D2FC79B24D9A}.Release|x86.ActiveCfg = Release|Any CPU
		{40A19523-7D36-44FE-B746-D8FCF028165A}.Debug|Any CPU.ActiveCfg = Debug|Any CPU
		{40A19523-7D36-44FE-B746-D8FCF028165A}.Debug|Any CPU.Build.0 = Debug|Any CPU
		{40A19523-7D36-44FE-B746-D8FCF028165A}.Debug|ARM.ActiveCfg = Debug|Any CPU
		{40A19523-7D36-44FE-B746-D8FCF028165A}.Debug|x64.ActiveCfg = Debug|Any CPU
		{40A19523-7D36-44FE-B746-D8FCF028165A}.Debug|x86.ActiveCfg = Debug|Any CPU
		{40A19523-7D36-44FE-B746-D8FCF028165A}.Release|Any CPU.ActiveCfg = Release|Any CPU
		{40A19523-7D36-44FE-B746-D8FCF028165A}.Release|Any CPU.Build.0 = Release|Any CPU
		{40A19523-7D36-44FE-B746-D8FCF028165A}.Release|ARM.ActiveCfg = Release|Any CPU
		{40A19523-7D36-44FE-B746-D8FCF028165A}.Release|x64.ActiveCfg = Release|Any CPU
		{40A19523-7D36-44FE-B746-D8FCF028165A}.Release|x86.ActiveCfg = Release|Any CPU
		{AED3C058-617F-40E8-B11D-22B446D626E8}.Debug|Any CPU.ActiveCfg = Debug|Any CPU
		{AED3C058-617F-40E8-B11D-22B446D626E8}.Debug|Any CPU.Build.0 = Debug|Any CPU
		{AED3C058-617F-40E8-B11D-22B446D626E8}.Debug|ARM.ActiveCfg = Debug|Any CPU
		{AED3C058-617F-40E8-B11D-22B446D626E8}.Debug|x64.ActiveCfg = Debug|Any CPU
		{AED3C058-617F-40E8-B11D-22B446D626E8}.Debug|x86.ActiveCfg = Debug|Any CPU
		{AED3C058-617F-40E8-B11D-22B446D626E8}.Release|Any CPU.ActiveCfg = Release|Any CPU
		{AED3C058-617F-40E8-B11D-22B446D626E8}.Release|Any CPU.Build.0 = Release|Any CPU
		{AED3C058-617F-40E8-B11D-22B446D626E8}.Release|ARM.ActiveCfg = Release|Any CPU
		{AED3C058-617F-40E8-B11D-22B446D626E8}.Release|x64.ActiveCfg = Release|Any CPU
		{AED3C058-617F-40E8-B11D-22B446D626E8}.Release|x86.ActiveCfg = Release|Any CPU
		{56DAFE3A-585E-476A-820F-05A46980B124}.Debug|Any CPU.ActiveCfg = Debug|Any CPU
		{56DAFE3A-585E-476A-820F-05A46980B124}.Debug|Any CPU.Build.0 = Debug|Any CPU
		{56DAFE3A-585E-476A-820F-05A46980B124}.Debug|ARM.ActiveCfg = Debug|Any CPU
		{56DAFE3A-585E-476A-820F-05A46980B124}.Debug|x64.ActiveCfg = Debug|Any CPU
		{56DAFE3A-585E-476A-820F-05A46980B124}.Debug|x86.ActiveCfg = Debug|Any CPU
		{56DAFE3A-585E-476A-820F-05A46980B124}.Release|Any CPU.ActiveCfg = Release|Any CPU
		{56DAFE3A-585E-476A-820F-05A46980B124}.Release|Any CPU.Build.0 = Release|Any CPU
		{56DAFE3A-585E-476A-820F-05A46980B124}.Release|ARM.ActiveCfg = Release|Any CPU
		{56DAFE3A-585E-476A-820F-05A46980B124}.Release|x64.ActiveCfg = Release|Any CPU
		{56DAFE3A-585E-476A-820F-05A46980B124}.Release|x86.ActiveCfg = Release|Any CPU
		{C8C41347-8948-43E2-929F-602ADC642B83}.Debug|Any CPU.ActiveCfg = Debug|Any CPU
		{C8C41347-8948-43E2-929F-602ADC642B83}.Debug|Any CPU.Build.0 = Debug|Any CPU
		{C8C41347-8948-43E2-929F-602ADC642B83}.Debug|ARM.ActiveCfg = Debug|Any CPU
		{C8C41347-8948-43E2-929F-602ADC642B83}.Debug|x64.ActiveCfg = Debug|Any CPU
		{C8C41347-8948-43E2-929F-602ADC642B83}.Debug|x86.ActiveCfg = Debug|Any CPU
		{C8C41347-8948-43E2-929F-602ADC642B83}.Release|Any CPU.ActiveCfg = Release|Any CPU
		{C8C41347-8948-43E2-929F-602ADC642B83}.Release|Any CPU.Build.0 = Release|Any CPU
		{C8C41347-8948-43E2-929F-602ADC642B83}.Release|ARM.ActiveCfg = Release|Any CPU
		{C8C41347-8948-43E2-929F-602ADC642B83}.Release|x64.ActiveCfg = Release|Any CPU
		{C8C41347-8948-43E2-929F-602ADC642B83}.Release|x86.ActiveCfg = Release|Any CPU
		{A6183E4A-44F1-4117-BF42-B33845478F96}.Debug|Any CPU.ActiveCfg = Debug|Any CPU
		{A6183E4A-44F1-4117-BF42-B33845478F96}.Debug|Any CPU.Build.0 = Debug|Any CPU
		{A6183E4A-44F1-4117-BF42-B33845478F96}.Debug|ARM.ActiveCfg = Debug|Any CPU
		{A6183E4A-44F1-4117-BF42-B33845478F96}.Debug|x64.ActiveCfg = Debug|Any CPU
		{A6183E4A-44F1-4117-BF42-B33845478F96}.Debug|x86.ActiveCfg = Debug|Any CPU
		{A6183E4A-44F1-4117-BF42-B33845478F96}.Release|Any CPU.ActiveCfg = Release|Any CPU
		{A6183E4A-44F1-4117-BF42-B33845478F96}.Release|Any CPU.Build.0 = Release|Any CPU
		{A6183E4A-44F1-4117-BF42-B33845478F96}.Release|ARM.ActiveCfg = Release|Any CPU
		{A6183E4A-44F1-4117-BF42-B33845478F96}.Release|x64.ActiveCfg = Release|Any CPU
		{A6183E4A-44F1-4117-BF42-B33845478F96}.Release|x86.ActiveCfg = Release|Any CPU
		{8F19D5CF-B5F7-46D4-B84B-4A8B2795232A}.Debug|Any CPU.ActiveCfg = Debug|Any CPU
		{8F19D5CF-B5F7-46D4-B84B-4A8B2795232A}.Debug|Any CPU.Build.0 = Debug|Any CPU
		{8F19D5CF-B5F7-46D4-B84B-4A8B2795232A}.Debug|ARM.ActiveCfg = Debug|Any CPU
		{8F19D5CF-B5F7-46D4-B84B-4A8B2795232A}.Debug|x64.ActiveCfg = Debug|Any CPU
		{8F19D5CF-B5F7-46D4-B84B-4A8B2795232A}.Debug|x86.ActiveCfg = Debug|Any CPU
		{8F19D5CF-B5F7-46D4-B84B-4A8B2795232A}.Release|Any CPU.ActiveCfg = Release|Any CPU
		{8F19D5CF-B5F7-46D4-B84B-4A8B2795232A}.Release|Any CPU.Build.0 = Release|Any CPU
		{8F19D5CF-B5F7-46D4-B84B-4A8B2795232A}.Release|ARM.ActiveCfg = Release|Any CPU
		{8F19D5CF-B5F7-46D4-B84B-4A8B2795232A}.Release|x64.ActiveCfg = Release|Any CPU
		{8F19D5CF-B5F7-46D4-B84B-4A8B2795232A}.Release|x86.ActiveCfg = Release|Any CPU
		{B7E0B2E4-B553-4B8F-B210-83D9A7E3E9D3}.Debug|Any CPU.ActiveCfg = Debug|Any CPU
		{B7E0B2E4-B553-4B8F-B210-83D9A7E3E9D3}.Debug|Any CPU.Build.0 = Debug|Any CPU
		{B7E0B2E4-B553-4B8F-B210-83D9A7E3E9D3}.Debug|ARM.ActiveCfg = Debug|Any CPU
		{B7E0B2E4-B553-4B8F-B210-83D9A7E3E9D3}.Debug|x64.ActiveCfg = Debug|Any CPU
		{B7E0B2E4-B553-4B8F-B210-83D9A7E3E9D3}.Debug|x86.ActiveCfg = Debug|Any CPU
		{B7E0B2E4-B553-4B8F-B210-83D9A7E3E9D3}.Release|Any CPU.ActiveCfg = Release|Any CPU
		{B7E0B2E4-B553-4B8F-B210-83D9A7E3E9D3}.Release|Any CPU.Build.0 = Release|Any CPU
		{B7E0B2E4-B553-4B8F-B210-83D9A7E3E9D3}.Release|ARM.ActiveCfg = Release|Any CPU
		{B7E0B2E4-B553-4B8F-B210-83D9A7E3E9D3}.Release|x64.ActiveCfg = Release|Any CPU
		{B7E0B2E4-B553-4B8F-B210-83D9A7E3E9D3}.Release|x86.ActiveCfg = Release|Any CPU
		{4DA0B9A1-131C-48E2-A6E0-82A36F6E13FD}.Debug|Any CPU.ActiveCfg = Debug|Any CPU
		{4DA0B9A1-131C-48E2-A6E0-82A36F6E13FD}.Debug|Any CPU.Build.0 = Debug|Any CPU
		{4DA0B9A1-131C-48E2-A6E0-82A36F6E13FD}.Debug|ARM.ActiveCfg = Debug|Any CPU
		{4DA0B9A1-131C-48E2-A6E0-82A36F6E13FD}.Debug|x64.ActiveCfg = Debug|Any CPU
		{4DA0B9A1-131C-48E2-A6E0-82A36F6E13FD}.Debug|x86.ActiveCfg = Debug|Any CPU
		{4DA0B9A1-131C-48E2-A6E0-82A36F6E13FD}.Release|Any CPU.ActiveCfg = Release|Any CPU
		{4DA0B9A1-131C-48E2-A6E0-82A36F6E13FD}.Release|Any CPU.Build.0 = Release|Any CPU
		{4DA0B9A1-131C-48E2-A6E0-82A36F6E13FD}.Release|ARM.ActiveCfg = Release|Any CPU
		{4DA0B9A1-131C-48E2-A6E0-82A36F6E13FD}.Release|x64.ActiveCfg = Release|Any CPU
		{4DA0B9A1-131C-48E2-A6E0-82A36F6E13FD}.Release|x86.ActiveCfg = Release|Any CPU
		{4ACA934B-B182-4FC4-BB25-B14DA52EA262}.Debug|Any CPU.ActiveCfg = Debug|Any CPU
		{4ACA934B-B182-4FC4-BB25-B14DA52EA262}.Debug|Any CPU.Build.0 = Debug|Any CPU
		{4ACA934B-B182-4FC4-BB25-B14DA52EA262}.Debug|ARM.ActiveCfg = Debug|Any CPU
		{4ACA934B-B182-4FC4-BB25-B14DA52EA262}.Debug|x64.ActiveCfg = Debug|Any CPU
		{4ACA934B-B182-4FC4-BB25-B14DA52EA262}.Debug|x86.ActiveCfg = Debug|Any CPU
		{4ACA934B-B182-4FC4-BB25-B14DA52EA262}.Release|Any CPU.ActiveCfg = Release|Any CPU
		{4ACA934B-B182-4FC4-BB25-B14DA52EA262}.Release|Any CPU.Build.0 = Release|Any CPU
		{4ACA934B-B182-4FC4-BB25-B14DA52EA262}.Release|ARM.ActiveCfg = Release|Any CPU
		{4ACA934B-B182-4FC4-BB25-B14DA52EA262}.Release|x64.ActiveCfg = Release|Any CPU
		{4ACA934B-B182-4FC4-BB25-B14DA52EA262}.Release|x86.ActiveCfg = Release|Any CPU
		{DC8C3C4F-0F49-4A1B-A372-C044E6AB347E}.Debug|Any CPU.ActiveCfg = Debug|Any CPU
		{DC8C3C4F-0F49-4A1B-A372-C044E6AB347E}.Debug|Any CPU.Build.0 = Debug|Any CPU
		{DC8C3C4F-0F49-4A1B-A372-C044E6AB347E}.Debug|ARM.ActiveCfg = Debug|Any CPU
		{DC8C3C4F-0F49-4A1B-A372-C044E6AB347E}.Debug|x64.ActiveCfg = Debug|Any CPU
		{DC8C3C4F-0F49-4A1B-A372-C044E6AB347E}.Debug|x86.ActiveCfg = Debug|Any CPU
		{DC8C3C4F-0F49-4A1B-A372-C044E6AB347E}.Release|Any CPU.ActiveCfg = Release|Any CPU
		{DC8C3C4F-0F49-4A1B-A372-C044E6AB347E}.Release|Any CPU.Build.0 = Release|Any CPU
		{DC8C3C4F-0F49-4A1B-A372-C044E6AB347E}.Release|ARM.ActiveCfg = Release|Any CPU
		{DC8C3C4F-0F49-4A1B-A372-C044E6AB347E}.Release|x64.ActiveCfg = Release|Any CPU
		{DC8C3C4F-0F49-4A1B-A372-C044E6AB347E}.Release|x86.ActiveCfg = Release|Any CPU
		{269C43E8-BEC8-4429-99AB-7AEB522A2CBC}.Debug|Any CPU.ActiveCfg = Debug|Any CPU
		{269C43E8-BEC8-4429-99AB-7AEB522A2CBC}.Debug|Any CPU.Build.0 = Debug|Any CPU
		{269C43E8-BEC8-4429-99AB-7AEB522A2CBC}.Debug|ARM.ActiveCfg = Debug|Any CPU
		{269C43E8-BEC8-4429-99AB-7AEB522A2CBC}.Debug|x64.ActiveCfg = Debug|Any CPU
		{269C43E8-BEC8-4429-99AB-7AEB522A2CBC}.Debug|x86.ActiveCfg = Debug|Any CPU
		{269C43E8-BEC8-4429-99AB-7AEB522A2CBC}.Release|Any CPU.ActiveCfg = Release|Any CPU
		{269C43E8-BEC8-4429-99AB-7AEB522A2CBC}.Release|Any CPU.Build.0 = Release|Any CPU
		{269C43E8-BEC8-4429-99AB-7AEB522A2CBC}.Release|ARM.ActiveCfg = Release|Any CPU
		{269C43E8-BEC8-4429-99AB-7AEB522A2CBC}.Release|x64.ActiveCfg = Release|Any CPU
		{269C43E8-BEC8-4429-99AB-7AEB522A2CBC}.Release|x86.ActiveCfg = Release|Any CPU
		{604E8617-BE73-4215-A2A7-4A6C0695B069}.Debug|Any CPU.ActiveCfg = Debug|Any CPU
		{604E8617-BE73-4215-A2A7-4A6C0695B069}.Debug|Any CPU.Build.0 = Debug|Any CPU
		{604E8617-BE73-4215-A2A7-4A6C0695B069}.Debug|ARM.ActiveCfg = Debug|Any CPU
		{604E8617-BE73-4215-A2A7-4A6C0695B069}.Debug|x64.ActiveCfg = Debug|Any CPU
		{604E8617-BE73-4215-A2A7-4A6C0695B069}.Debug|x86.ActiveCfg = Debug|Any CPU
		{604E8617-BE73-4215-A2A7-4A6C0695B069}.Release|Any CPU.ActiveCfg = Release|Any CPU
		{604E8617-BE73-4215-A2A7-4A6C0695B069}.Release|Any CPU.Build.0 = Release|Any CPU
		{604E8617-BE73-4215-A2A7-4A6C0695B069}.Release|ARM.ActiveCfg = Release|Any CPU
		{604E8617-BE73-4215-A2A7-4A6C0695B069}.Release|x64.ActiveCfg = Release|Any CPU
		{604E8617-BE73-4215-A2A7-4A6C0695B069}.Release|x86.ActiveCfg = Release|Any CPU
	EndGlobalSection
	GlobalSection(SolutionProperties) = preSolution
		HideSolutionNode = FALSE
	EndGlobalSection
	GlobalSection(NestedProjects) = preSolution
		{34FC6DB4-A4CC-4739-974D-8A722E664957} = {A14FA369-7750-4231-B7A8-3349B6A16C3C}
		{4E59AD3A-8E36-4290-8504-69FE47FDB37A} = {A14FA369-7750-4231-B7A8-3349B6A16C3C}
		{40C7EBBC-28FB-452E-A36F-E065740726B6} = {A14FA369-7750-4231-B7A8-3349B6A16C3C}
		{EB273B04-0D52-42C5-9CB1-56A5F56BF0EA} = {F73D7814-C146-4E58-81F7-8C6558A5AB35}
		{91454E21-E1A3-42C9-AE50-D2FC79B24D9A} = {F73D7814-C146-4E58-81F7-8C6558A5AB35}
		{40A19523-7D36-44FE-B746-D8FCF028165A} = {A14FA369-7750-4231-B7A8-3349B6A16C3C}
		{AED3C058-617F-40E8-B11D-22B446D626E8} = {A14FA369-7750-4231-B7A8-3349B6A16C3C}
		{56DAFE3A-585E-476A-820F-05A46980B124} = {6FE3AB30-73AB-49FA-9B03-C936603B2292}
		{A6183E4A-44F1-4117-BF42-B33845478F96} = {A14FA369-7750-4231-B7A8-3349B6A16C3C}
		{8F19D5CF-B5F7-46D4-B84B-4A8B2795232A} = {069E8A6E-C571-4386-BFE7-58BDB088B216}
		{B7E0B2E4-B553-4B8F-B210-83D9A7E3E9D3} = {A14FA369-7750-4231-B7A8-3349B6A16C3C}
		{8BECEE1F-AA8E-4116-B54D-C75FB0131C0E} = {A14FA369-7750-4231-B7A8-3349B6A16C3C}
		{4DA0B9A1-131C-48E2-A6E0-82A36F6E13FD} = {8BECEE1F-AA8E-4116-B54D-C75FB0131C0E}
		{4ACA934B-B182-4FC4-BB25-B14DA52EA262} = {84AFF560-7BCE-42FC-982C-2113E3A5569A}
		{DC8C3C4F-0F49-4A1B-A372-C044E6AB347E} = {84AFF560-7BCE-42FC-982C-2113E3A5569A}
		{269C43E8-BEC8-4429-99AB-7AEB522A2CBC} = {457151BE-1418-4CB2-A1B9-AD50E734D1EB}
		{604E8617-BE73-4215-A2A7-4A6C0695B069} = {457151BE-1418-4CB2-A1B9-AD50E734D1EB}
	EndGlobalSection
EndGlobal
